
Microsoft Visual Studio Solution File, Format Version 12.00
# Visual Studio Version 17
VisualStudioVersion = 17.7.34031.279
MinimumVisualStudioVersion = 10.0.40219.1
Project("{FAE04EC0-301F-11D3-BF4B-00C04F79EFBC}") = "SQLLiteDemo", "SQLLiteDemo.csproj", "{5712CCC2-3CA0-4D3B-B3C6-9BE8B3CA84BE}"
EndProject
Global
	GlobalSection(SolutionConfigurationPlatforms) = preSolution
		Debug|Any CPU = Debug|Any CPU
		Release|Any CPU = Release|Any CPU
	EndGlobalSection
	GlobalSection(ProjectConfigurationPlatforms) = postSolution
		{5712CCC2-3CA0-4D3B-B3C6-9BE8B3CA84BE}.Debug|Any CPU.ActiveCfg = Debug|Any CPU
		{5712CCC2-3CA0-4D3B-B3C6-9BE8B3CA84BE}.Debug|Any CPU.Build.0 = Debug|Any CPU
		{5712CCC2-3CA0-4D3B-B3C6-9BE8B3CA84BE}.Release|Any CPU.ActiveCfg = Release|Any CPU
		{5712CCC2-3CA0-4D3B-B3C6-9BE8B3CA84BE}.Release|Any CPU.Build.0 = Release|Any CPU
	EndGlobalSection
	GlobalSection(SolutionProperties) = preSolution
		HideSolutionNode = FALSE
	EndGlobalSection
	GlobalSection(ExtensibilityGlobals) = postSolution
		SolutionGuid = {A4694728-962F-4CC9-8103-4E1A75C6CD1B}
	EndGlobalSection
EndGlobal
